{
  "name": "repackerjs",
  "version": "1.1.6",
  "lockfileVersion": 1,
  "requires": true,
  "dependencies": {
    "@types/node": {
      "version": "11.13.6",
      "resolved": "https://registry.npmjs.org/@types/node/-/node-11.13.6.tgz",
      "integrity": "sha512-Xoo/EBzEe8HxTSwaZNLZjaW6M6tA/+GmD3/DZ6uo8qSaolE/9Oarko0oV1fVfrLqOz0tx0nXJB4rdD5c+vixLw=="
    },
    "node": {
      "version": "11.14.0",
      "resolved": "https://registry.npmjs.org/node/-/node-11.14.0.tgz",
      "integrity": "sha512-1J7ok83YlQ/W/BCWxG3zw1I326IHEeVwPcwvPpaeixag4AqBCUm0n/ytv3oSEISyW9lMDXhewJYIyGSsDk29xA==",
      "requires": {
        "node-bin-setup": "^1.0.0"
      }
    },
    "node-bin-setup": {
      "version": "1.0.6",
      "resolved": "https://registry.npmjs.org/node-bin-setup/-/node-bin-setup-1.0.6.tgz",
      "integrity": "sha512-uPIxXNis1CRbv1DwqAxkgBk5NFV3s7cMN/Gf556jSw6jBvV7ca4F9lRL/8cALcZecRibeqU+5dFYqFFmzv5a0Q=="
    },
    "repackerjs": {
      "version": "1.1.4",
      "resolved": "https://registry.npmjs.org/repackerjs/-/repackerjs-1.1.4.tgz",
      "integrity": "sha512-k1tDLXyaGC1cqVoirwpp95OfZ/31lA6HEt5Y1SagpjwD6/AHTTJX/A889zVx9BCsC2Tpsx68nMMj4wCCcIzO9A==",
      "requires": {
        "@types/node": "^11.13.6",
        "node": "^11.13.0",
        "repackerjs": "^1.1.1"
      }
    }
  }
}
