# THIS IS AN AUTOGENERATED FILE. DO NOT EDIT THIS FILE DIRECTLY.
# yarn lockfile v1


"@types/node@^11.13.6":
  version "11.13.6"
  resolved "https://registry.npmjs.org/@types/node/-/node-11.13.6.tgz#37ec75690830acb0d74ce3c6c43caab787081e85"

node-bin-setup@^1.0.0:
  version "1.0.6"
  resolved "https://registry.npmjs.org/node-bin-setup/-/node-bin-setup-1.0.6.tgz#4b5c9bb937ece702d7069b36ca78af4684677528"

node@^11.13.0:
  version "11.14.0"
  resolved "https://registry.npmjs.org/node/-/node-11.14.0.tgz#6c210c2adefcba32d1b1bb3169194cfb052927c6"
  dependencies:
    node-bin-setup "^1.0.0"

repackerjs@^1.1.1:
  version "1.1.1"
  resolved "https://registry.npmjs.org/repackerjs/-/repackerjs-1.1.1.tgz#3a7b7b65168b168ef8061ad78d283e5153d123a9"
  dependencies:
    "@types/node" "^11.13.6"
    node "^11.13.0"
